// !$*UTF8*$!
{
	archiveVersion = 1;
	classes = {
	};
	objectVersion = 56;
	objects = {

/* Begin PBXBuildFile section */
		4500AD692C715194007364FE /* OfferCollectionViewCell.swift in Sources */ = {isa = PBXBuildFile; fileRef = 4500AD682C715194007364FE /* OfferCollectionViewCell.swift */; };
		453B48A72C6ECD7100DAEFA3 /* customer.json in Resources */ = {isa = PBXBuildFile; fileRef = 453B48A62C6ECD7100DAEFA3 /* customer.json */; };
		453B48B42C6ED23100DAEFA3 /* Customer+CoreDataClass.swift in Sources */ = {isa = PBXBuildFile; fileRef = 453B48A82C6ED23000DAEFA3 /* Customer+CoreDataClass.swift */; };
		453B48B52C6ED23100DAEFA3 /* Customer+CoreDataProperties.swift in Sources */ = {isa = PBXBuildFile; fileRef = 453B48A92C6ED23000DAEFA3 /* Customer+CoreDataProperties.swift */; };
		453B48B62C6ED23100DAEFA3 /* Metadata+CoreDataClass.swift in Sources */ = {isa = PBXBuildFile; fileRef = 453B48AA2C6ED23000DAEFA3 /* Metadata+CoreDataClass.swift */; };
		453B48B72C6ED23100DAEFA3 /* Metadata+CoreDataProperties.swift in Sources */ = {isa = PBXBuildFile; fileRef = 453B48AB2C6ED23000DAEFA3 /* Metadata+CoreDataProperties.swift */; };
		453B48B82C6ED23100DAEFA3 /* Benefit+CoreDataClass.swift in Sources */ = {isa = PBXBuildFile; fileRef = 453B48AC2C6ED23000DAEFA3 /* Benefit+CoreDataClass.swift */; };
		453B48B92C6ED23100DAEFA3 /* Benefit+CoreDataProperties.swift in Sources */ = {isa = PBXBuildFile; fileRef = 453B48AD2C6ED23000DAEFA3 /* Benefit+CoreDataProperties.swift */; };
		453B48BA2C6ED23100DAEFA3 /* Record+CoreDataClass.swift in Sources */ = {isa = PBXBuildFile; fileRef = 453B48AE2C6ED23000DAEFA3 /* Record+CoreDataClass.swift */; };
		453B48BB2C6ED23100DAEFA3 /* Record+CoreDataProperties.swift in Sources */ = {isa = PBXBuildFile; fileRef = 453B48AF2C6ED23000DAEFA3 /* Record+CoreDataProperties.swift */; };
		453B48BC2C6ED23100DAEFA3 /* Offer+CoreDataClass.swift in Sources */ = {isa = PBXBuildFile; fileRef = 453B48B02C6ED23000DAEFA3 /* Offer+CoreDataClass.swift */; };
		453B48BD2C6ED23100DAEFA3 /* Offer+CoreDataProperties.swift in Sources */ = {isa = PBXBuildFile; fileRef = 453B48B12C6ED23100DAEFA3 /* Offer+CoreDataProperties.swift */; };
		453B48BE2C6ED23100DAEFA3 /* Subscription+CoreDataClass.swift in Sources */ = {isa = PBXBuildFile; fileRef = 453B48B22C6ED23100DAEFA3 /* Subscription+CoreDataClass.swift */; };
		453B48BF2C6ED23100DAEFA3 /* Subscription+CoreDataProperties.swift in Sources */ = {isa = PBXBuildFile; fileRef = 453B48B32C6ED23100DAEFA3 /* Subscription+CoreDataProperties.swift */; };
		453F53222C6F5BAB00BEF0C0 /* Date+extension.swift in Sources */ = {isa = PBXBuildFile; fileRef = 453F53212C6F5BAB00BEF0C0 /* Date+extension.swift */; };
		4572E49F2C7147DE00DDDDC9 /* SubscriptionViewController.swift in Sources */ = {isa = PBXBuildFile; fileRef = 4572E49E2C7147DE00DDDDC9 /* SubscriptionViewController.swift */; };
		45B6121F2C6E8D2F00F17F0E /* AppDelegate.swift in Sources */ = {isa = PBXBuildFile; fileRef = 45B6121E2C6E8D2F00F17F0E /* AppDelegate.swift */; };
		45B612212C6E8D2F00F17F0E /* SceneDelegate.swift in Sources */ = {isa = PBXBuildFile; fileRef = 45B612202C6E8D2F00F17F0E /* SceneDelegate.swift */; };
		45B612232C6E8D2F00F17F0E /* ViewController.swift in Sources */ = {isa = PBXBuildFile; fileRef = 45B612222C6E8D2F00F17F0E /* ViewController.swift */; };
		45B612262C6E8D2F00F17F0E /* Main.storyboard in Resources */ = {isa = PBXBuildFile; fileRef = 45B612242C6E8D2F00F17F0E /* Main.storyboard */; };
		45B612292C6E8D2F00F17F0E /* Louis.xcdatamodeld in Sources */ = {isa = PBXBuildFile; fileRef = 45B612272C6E8D2F00F17F0E /* Louis.xcdatamodeld */; };
		45B6122B2C6E8D3200F17F0E /* Assets.xcassets in Resources */ = {isa = PBXBuildFile; fileRef = 45B6122A2C6E8D3200F17F0E /* Assets.xcassets */; };
		45B6122E2C6E8D3200F17F0E /* LaunchScreen.storyboard in Resources */ = {isa = PBXBuildFile; fileRef = 45B6122C2C6E8D3200F17F0E /* LaunchScreen.storyboard */; };
		45B612362C6E8E6700F17F0E /* OfferDetailViewController.swift in Sources */ = {isa = PBXBuildFile; fileRef = 45B612352C6E8E6700F17F0E /* OfferDetailViewController.swift */; };
		45B612452C6EB4AE00F17F0E /* OfferDetailViewModel.swift in Sources */ = {isa = PBXBuildFile; fileRef = 45B612442C6EB4AE00F17F0E /* OfferDetailViewModel.swift */; };
		45B612492C6EBAA700F17F0E /* NetworkManager.swift in Sources */ = {isa = PBXBuildFile; fileRef = 45B612482C6EBAA700F17F0E /* NetworkManager.swift */; };
/* End PBXBuildFile section */

/* Begin PBXFileReference section */
		4500AD682C715194007364FE /* OfferCollectionViewCell.swift */ = {isa = PBXFileReference; lastKnownFileType = sourcecode.swift; path = OfferCollectionViewCell.swift; sourceTree = "<group>"; };
		453B48A62C6ECD7100DAEFA3 /* customer.json */ = {isa = PBXFileReference; lastKnownFileType = text.json; path = customer.json; sourceTree = "<group>"; };
		453B48A82C6ED23000DAEFA3 /* Customer+CoreDataClass.swift */ = {isa = PBXFileReference; lastKnownFileType = sourcecode.swift; path = "Customer+CoreDataClass.swift"; sourceTree = "<group>"; };
		453B48A92C6ED23000DAEFA3 /* Customer+CoreDataProperties.swift */ = {isa = PBXFileReference; lastKnownFileType = sourcecode.swift; path = "Customer+CoreDataProperties.swift"; sourceTree = "<group>"; };
		453B48AA2C6ED23000DAEFA3 /* Metadata+CoreDataClass.swift */ = {isa = PBXFileReference; lastKnownFileType = sourcecode.swift; path = "Metadata+CoreDataClass.swift"; sourceTree = "<group>"; };
		453B48AB2C6ED23000DAEFA3 /* Metadata+CoreDataProperties.swift */ = {isa = PBXFileReference; lastKnownFileType = sourcecode.swift; path = "Metadata+CoreDataProperties.swift"; sourceTree = "<group>"; };
		453B48AC2C6ED23000DAEFA3 /* Benefit+CoreDataClass.swift */ = {isa = PBXFileReference; lastKnownFileType = sourcecode.swift; path = "Benefit+CoreDataClass.swift"; sourceTree = "<group>"; };
		453B48AD2C6ED23000DAEFA3 /* Benefit+CoreDataProperties.swift */ = {isa = PBXFileReference; lastKnownFileType = sourcecode.swift; path = "Benefit+CoreDataProperties.swift"; sourceTree = "<group>"; };
		453B48AE2C6ED23000DAEFA3 /* Record+CoreDataClass.swift */ = {isa = PBXFileReference; lastKnownFileType = sourcecode.swift; path = "Record+CoreDataClass.swift"; sourceTree = "<group>"; };
		453B48AF2C6ED23000DAEFA3 /* Record+CoreDataProperties.swift */ = {isa = PBXFileReference; lastKnownFileType = sourcecode.swift; path = "Record+CoreDataProperties.swift"; sourceTree = "<group>"; };
		453B48B02C6ED23000DAEFA3 /* Offer+CoreDataClass.swift */ = {isa = PBXFileReference; lastKnownFileType = sourcecode.swift; path = "Offer+CoreDataClass.swift"; sourceTree = "<group>"; };
		453B48B12C6ED23100DAEFA3 /* Offer+CoreDataProperties.swift */ = {isa = PBXFileReference; lastKnownFileType = sourcecode.swift; path = "Offer+CoreDataProperties.swift"; sourceTree = "<group>"; };
		453B48B22C6ED23100DAEFA3 /* Subscription+CoreDataClass.swift */ = {isa = PBXFileReference; lastKnownFileType = sourcecode.swift; path = "Subscription+CoreDataClass.swift"; sourceTree = "<group>"; };
		453B48B32C6ED23100DAEFA3 /* Subscription+CoreDataProperties.swift */ = {isa = PBXFileReference; lastKnownFileType = sourcecode.swift; path = "Subscription+CoreDataProperties.swift"; sourceTree = "<group>"; };
		453F53212C6F5BAB00BEF0C0 /* Date+extension.swift */ = {isa = PBXFileReference; lastKnownFileType = sourcecode.swift; path = "Date+extension.swift"; sourceTree = "<group>"; };
		4572E49E2C7147DE00DDDDC9 /* SubscriptionViewController.swift */ = {isa = PBXFileReference; lastKnownFileType = sourcecode.swift; path = SubscriptionViewController.swift; sourceTree = "<group>"; };
		45B6121B2C6E8D2F00F17F0E /* Louis.app */ = {isa = PBXFileReference; explicitFileType = wrapper.application; includeInIndex = 0; path = Louis.app; sourceTree = BUILT_PRODUCTS_DIR; };
		45B6121E2C6E8D2F00F17F0E /* AppDelegate.swift */ = {isa = PBXFileReference; lastKnownFileType = sourcecode.swift; path = AppDelegate.swift; sourceTree = "<group>"; };
		45B612202C6E8D2F00F17F0E /* SceneDelegate.swift */ = {isa = PBXFileReference; lastKnownFileType = sourcecode.swift; path = SceneDelegate.swift; sourceTree = "<group>"; };
		45B612222C6E8D2F00F17F0E /* ViewController.swift */ = {isa = PBXFileReference; lastKnownFileType = sourcecode.swift; path = ViewController.swift; sourceTree = "<group>"; };
		45B612252C6E8D2F00F17F0E /* Base */ = {isa = PBXFileReference; lastKnownFileType = file.storyboard; name = Base; path = Base.lproj/Main.storyboard; sourceTree = "<group>"; };
		45B612282C6E8D2F00F17F0E /* Louis.xcdatamodel */ = {isa = PBXFileReference; lastKnownFileType = wrapper.xcdatamodel; path = Louis.xcdatamodel; sourceTree = "<group>"; };
		45B6122A2C6E8D3200F17F0E /* Assets.xcassets */ = {isa = PBXFileReference; lastKnownFileType = folder.assetcatalog; path = Assets.xcassets; sourceTree = "<group>"; };
		45B6122D2C6E8D3200F17F0E /* Base */ = {isa = PBXFileReference; lastKnownFileType = file.storyboard; name = Base; path = Base.lproj/LaunchScreen.storyboard; sourceTree = "<group>"; };
		45B6122F2C6E8D3200F17F0E /* Info.plist */ = {isa = PBXFileReference; lastKnownFileType = text.plist.xml; path = Info.plist; sourceTree = "<group>"; };
		45B612352C6E8E6700F17F0E /* OfferDetailViewController.swift */ = {isa = PBXFileReference; lastKnownFileType = sourcecode.swift; path = OfferDetailViewController.swift; sourceTree = "<group>"; };
		45B612442C6EB4AE00F17F0E /* OfferDetailViewModel.swift */ = {isa = PBXFileReference; lastKnownFileType = sourcecode.swift; path = OfferDetailViewModel.swift; sourceTree = "<group>"; };
		45B612482C6EBAA700F17F0E /* NetworkManager.swift */ = {isa = PBXFileReference; lastKnownFileType = sourcecode.swift; path = NetworkManager.swift; sourceTree = "<group>"; };
/* End PBXFileReference section */

/* Begin PBXFrameworksBuildPhase section */
		45B612182C6E8D2F00F17F0E /* Frameworks */ = {
			isa = PBXFrameworksBuildPhase;
			buildActionMask = 2147483647;
			files = (
			);
			runOnlyForDeploymentPostprocessing = 0;
		};
/* End PBXFrameworksBuildPhase section */

/* Begin PBXGroup section */
		453F53202C6F5B8900BEF0C0 /* extensions */ = {
			isa = PBXGroup;
			children = (
				453F53212C6F5BAB00BEF0C0 /* Date+extension.swift */,
			);
			path = extensions;
			sourceTree = "<group>";
		};
		45B612122C6E8D2F00F17F0E = {
			isa = PBXGroup;
			children = (
				45B6121D2C6E8D2F00F17F0E /* Louis */,
				45B6121C2C6E8D2F00F17F0E /* Products */,
			);
			sourceTree = "<group>";
		};
		45B6121C2C6E8D2F00F17F0E /* Products */ = {
			isa = PBXGroup;
			children = (
				45B6121B2C6E8D2F00F17F0E /* Louis.app */,
			);
			name = Products;
			sourceTree = "<group>";
		};
		45B6121D2C6E8D2F00F17F0E /* Louis */ = {
			isa = PBXGroup;
			children = (
				45B6121E2C6E8D2F00F17F0E /* AppDelegate.swift */,
				45B612202C6E8D2F00F17F0E /* SceneDelegate.swift */,
				45B612352C6E8E6700F17F0E /* OfferDetailViewController.swift */,
				45B612442C6EB4AE00F17F0E /* OfferDetailViewModel.swift */,
				4572E49E2C7147DE00DDDDC9 /* SubscriptionViewController.swift */,
				4500AD682C715194007364FE /* OfferCollectionViewCell.swift */,
				45B612222C6E8D2F00F17F0E /* ViewController.swift */,
				45B612472C6EBA9100F17F0E /* managers */,
				45B612372C6EB0B100F17F0E /* models */,
				453F53202C6F5B8900BEF0C0 /* extensions */,
				45B612242C6E8D2F00F17F0E /* Main.storyboard */,
				45B6122A2C6E8D3200F17F0E /* Assets.xcassets */,
				45B6122C2C6E8D3200F17F0E /* LaunchScreen.storyboard */,
				45B6122F2C6E8D3200F17F0E /* Info.plist */,
				45B612272C6E8D2F00F17F0E /* Louis.xcdatamodeld */,
			);
			path = Louis;
			sourceTree = "<group>";
		};
		45B612372C6EB0B100F17F0E /* models */ = {
			isa = PBXGroup;
			children = (
				453B48A82C6ED23000DAEFA3 /* Customer+CoreDataClass.swift */,
				453B48A92C6ED23000DAEFA3 /* Customer+CoreDataProperties.swift */,
				453B48AA2C6ED23000DAEFA3 /* Metadata+CoreDataClass.swift */,
				453B48AB2C6ED23000DAEFA3 /* Metadata+CoreDataProperties.swift */,
				453B48AC2C6ED23000DAEFA3 /* Benefit+CoreDataClass.swift */,
				453B48AD2C6ED23000DAEFA3 /* Benefit+CoreDataProperties.swift */,
				453B48AE2C6ED23000DAEFA3 /* Record+CoreDataClass.swift */,
				453B48AF2C6ED23000DAEFA3 /* Record+CoreDataProperties.swift */,
				453B48B02C6ED23000DAEFA3 /* Offer+CoreDataClass.swift */,
				453B48B12C6ED23100DAEFA3 /* Offer+CoreDataProperties.swift */,
				453B48B22C6ED23100DAEFA3 /* Subscription+CoreDataClass.swift */,
				453B48B32C6ED23100DAEFA3 /* Subscription+CoreDataProperties.swift */,
				453B48A62C6ECD7100DAEFA3 /* customer.json */,
			);
			path = models;
			sourceTree = "<group>";
		};
		45B612472C6EBA9100F17F0E /* managers */ = {
			isa = PBXGroup;
			children = (
				45B612482C6EBAA700F17F0E /* NetworkManager.swift */,
			);
			path = managers;
			sourceTree = "<group>";
		};
/* End PBXGroup section */

/* Begin PBXNativeTarget section */
		45B6121A2C6E8D2F00F17F0E /* Louis */ = {
			isa = PBXNativeTarget;
			buildConfigurationList = 45B612322C6E8D3200F17F0E /* Build configuration list for PBXNativeTarget "Louis" */;
			buildPhases = (
				45B612172C6E8D2F00F17F0E /* Sources */,
				45B612182C6E8D2F00F17F0E /* Frameworks */,
				45B612192C6E8D2F00F17F0E /* Resources */,
			);
			buildRules = (
			);
			dependencies = (
			);
			name = Louis;
			productName = Louis;
			productReference = 45B6121B2C6E8D2F00F17F0E /* Louis.app */;
			productType = "com.apple.product-type.application";
		};
/* End PBXNativeTarget section */

/* Begin PBXProject section */
		45B612132C6E8D2F00F17F0E /* Project object */ = {
			isa = PBXProject;
			attributes = {
				BuildIndependentTargetsInParallel = 1;
				LastSwiftUpdateCheck = 1500;
				LastUpgradeCheck = 1500;
				TargetAttributes = {
					45B6121A2C6E8D2F00F17F0E = {
						CreatedOnToolsVersion = 15.0;
					};
				};
			};
			buildConfigurationList = 45B612162C6E8D2F00F17F0E /* Build configuration list for PBXProject "Louis" */;
			compatibilityVersion = "Xcode 14.0";
			developmentRegion = en;
			hasScannedForEncodings = 0;
			knownRegions = (
				en,
				Base,
			);
			mainGroup = 45B612122C6E8D2F00F17F0E;
			productRefGroup = 45B6121C2C6E8D2F00F17F0E /* Products */;
			projectDirPath = "";
			projectRoot = "";
			targets = (
				45B6121A2C6E8D2F00F17F0E /* Louis */,
			);
		};
/* End PBXProject section */

/* Begin PBXResourcesBuildPhase section */
		45B612192C6E8D2F00F17F0E /* Resources */ = {
			isa = PBXResourcesBuildPhase;
			buildActionMask = 2147483647;
			files = (
				45B6122E2C6E8D3200F17F0E /* LaunchScreen.storyboard in Resources */,
				45B6122B2C6E8D3200F17F0E /* Assets.xcassets in Resources */,
				45B612262C6E8D2F00F17F0E /* Main.storyboard in Resources */,
				453B48A72C6ECD7100DAEFA3 /* customer.json in Resources */,
			);
			runOnlyForDeploymentPostprocessing = 0;
		};
/* End PBXResourcesBuildPhase section */

/* Begin PBXSourcesBuildPhase section */
		45B612172C6E8D2F00F17F0E /* Sources */ = {
			isa = PBXSourcesBuildPhase;
			buildActionMask = 2147483647;
			files = (
				453B48BE2C6ED23100DAEFA3 /* Subscription+CoreDataClass.swift in Sources */,
				453B48B62C6ED23100DAEFA3 /* Metadata+CoreDataClass.swift in Sources */,
				45B612232C6E8D2F00F17F0E /* ViewController.swift in Sources */,
				45B612492C6EBAA700F17F0E /* NetworkManager.swift in Sources */,
				453B48B82C6ED23100DAEFA3 /* Benefit+CoreDataClass.swift in Sources */,
				4572E49F2C7147DE00DDDDC9 /* SubscriptionViewController.swift in Sources */,
				453B48B52C6ED23100DAEFA3 /* Customer+CoreDataProperties.swift in Sources */,
				45B6121F2C6E8D2F00F17F0E /* AppDelegate.swift in Sources */,
				453B48BD2C6ED23100DAEFA3 /* Offer+CoreDataProperties.swift in Sources */,
				45B612362C6E8E6700F17F0E /* OfferDetailViewController.swift in Sources */,
				45B612292C6E8D2F00F17F0E /* Louis.xcdatamodeld in Sources */,
				453B48B42C6ED23100DAEFA3 /* Customer+CoreDataClass.swift in Sources */,
				45B612212C6E8D2F00F17F0E /* SceneDelegate.swift in Sources */,
				453B48BF2C6ED23100DAEFA3 /* Subscription+CoreDataProperties.swift in Sources */,
				453B48BC2C6ED23100DAEFA3 /* Offer+CoreDataClass.swift in Sources */,
				453B48BB2C6ED23100DAEFA3 /* Record+CoreDataProperties.swift in Sources */,
				453B48BA2C6ED23100DAEFA3 /* Record+CoreDataClass.swift in Sources */,
				4500AD692C715194007364FE /* OfferCollectionViewCell.swift in Sources */,
				453B48B92C6ED23100DAEFA3 /* Benefit+CoreDataProperties.swift in Sources */,
				453F53222C6F5BAB00BEF0C0 /* Date+extension.swift in Sources */,
				453B48B72C6ED23100DAEFA3 /* Metadata+CoreDataProperties.swift in Sources */,
				45B612452C6EB4AE00F17F0E /* OfferDetailViewModel.swift in Sources */,
			);
			runOnlyForDeploymentPostprocessing = 0;
		};
/* End PBXSourcesBuildPhase section */

/* Begin PBXVariantGroup section */
		45B612242C6E8D2F00F17F0E /* Main.storyboard */ = {
			isa = PBXVariantGroup;
			children = (
				45B612252C6E8D2F00F17F0E /* Base */,
			);
			name = Main.storyboard;
			sourceTree = "<group>";
		};
		45B6122C2C6E8D3200F17F0E /* LaunchScreen.storyboard */ = {
			isa = PBXVariantGroup;
			children = (
				45B6122D2C6E8D3200F17F0E /* Base */,
			);
			name = LaunchScreen.storyboard;
			sourceTree = "<group>";
		};
/* End PBXVariantGroup section */

/* Begin XCBuildConfiguration section */
		45B612302C6E8D3200F17F0E /* Debug */ = {
			isa = XCBuildConfiguration;
			buildSettings = {
				ALWAYS_SEARCH_USER_PATHS = NO;
				ASSETCATALOG_COMPILER_GENERATE_SWIFT_ASSET_SYMBOL_EXTENSIONS = YES;
				CLANG_ANALYZER_NONNULL = YES;
				CLANG_ANALYZER_NUMBER_OBJECT_CONVERSION = YES_AGGRESSIVE;
				CLANG_CXX_LANGUAGE_STANDARD = "gnu++20";
				CLANG_ENABLE_MODULES = YES;
				CLANG_ENABLE_OBJC_ARC = YES;
				CLANG_ENABLE_OBJC_WEAK = YES;
				CLANG_WARN_BLOCK_CAPTURE_AUTORELEASING = YES;
				CLANG_WARN_BOOL_CONVERSION = YES;
				CLANG_WARN_COMMA = YES;
				CLANG_WARN_CONSTANT_CONVERSION = YES;
				CLANG_WARN_DEPRECATED_OBJC_IMPLEMENTATIONS = YES;
				CLANG_WARN_DIRECT_OBJC_ISA_USAGE = YES_ERROR;
				CLANG_WARN_DOCUMENTATION_COMMENTS = YES;
				CLANG_WARN_EMPTY_BODY = YES;
				CLANG_WARN_ENUM_CONVERSION = YES;
				CLANG_WARN_INFINITE_RECURSION = YES;
				CLANG_WARN_INT_CONVERSION = YES;
				CLANG_WARN_NON_LITERAL_NULL_CONVERSION = YES;
				CLANG_WARN_OBJC_IMPLICIT_RETAIN_SELF = YES;
				CLANG_WARN_OBJC_LITERAL_CONVERSION = YES;
				CLANG_WARN_OBJC_ROOT_CLASS = YES_ERROR;
				CLANG_WARN_QUOTED_INCLUDE_IN_FRAMEWORK_HEADER = YES;
				CLANG_WARN_RANGE_LOOP_ANALYSIS = YES;
				CLANG_WARN_STRICT_PROTOTYPES = YES;
				CLANG_WARN_SUSPICIOUS_MOVE = YES;
				CLANG_WARN_UNGUARDED_AVAILABILITY = YES_AGGRESSIVE;
				CLANG_WARN_UNREACHABLE_CODE = YES;
				CLANG_WARN__DUPLICATE_METHOD_MATCH = YES;
				COPY_PHASE_STRIP = NO;
				DEBUG_INFORMATION_FORMAT = dwarf;
				ENABLE_STRICT_OBJC_MSGSEND = YES;
				ENABLE_TESTABILITY = YES;
				ENABLE_USER_SCRIPT_SANDBOXING = YES;
				GCC_C_LANGUAGE_STANDARD = gnu17;
				GCC_DYNAMIC_NO_PIC = NO;
				GCC_NO_COMMON_BLOCKS = YES;
				GCC_OPTIMIZATION_LEVEL = 0;
				GCC_PREPROCESSOR_DEFINITIONS = (
					"DEBUG=1",
					"$(inherited)",
				);
				GCC_WARN_64_TO_32_BIT_CONVERSION = YES;
				GCC_WARN_ABOUT_RETURN_TYPE = YES_ERROR;
				GCC_WARN_UNDECLARED_SELECTOR = YES;
				GCC_WARN_UNINITIALIZED_AUTOS = YES_AGGRESSIVE;
				GCC_WARN_UNUSED_FUNCTION = YES;
				GCC_WARN_UNUSED_VARIABLE = YES;
				IPHONEOS_DEPLOYMENT_TARGET = 13;
				LOCALIZATION_PREFERS_STRING_CATALOGS = YES;
				MTL_ENABLE_DEBUG_INFO = INCLUDE_SOURCE;
				MTL_FAST_MATH = YES;
				ONLY_ACTIVE_ARCH = YES;
				SDKROOT = iphoneos;
				SWIFT_ACTIVE_COMPILATION_CONDITIONS = "DEBUG $(inherited)";
				SWIFT_OPTIMIZATION_LEVEL = "-Onone";
			};
			name = Debug;
		};
		45B612312C6E8D3200F17F0E /* Release */ = {
			isa = XCBuildConfiguration;
			buildSettings = {
				ALWAYS_SEARCH_USER_PATHS = NO;
				ASSETCATALOG_COMPILER_GENERATE_SWIFT_ASSET_SYMBOL_EXTENSIONS = YES;
				CLANG_ANALYZER_NONNULL = YES;
				CLANG_ANALYZER_NUMBER_OBJECT_CONVERSION = YES_AGGRESSIVE;
				CLANG_CXX_LANGUAGE_STANDARD = "gnu++20";
				CLANG_ENABLE_MODULES = YES;
				CLANG_ENABLE_OBJC_ARC = YES;
				CLANG_ENABLE_OBJC_WEAK = YES;
				CLANG_WARN_BLOCK_CAPTURE_AUTORELEASING = YES;
				CLANG_WARN_BOOL_CONVERSION = YES;
				CLANG_WARN_COMMA = YES;
				CLANG_WARN_CONSTANT_CONVERSION = YES;
				CLANG_WARN_DEPRECATED_OBJC_IMPLEMENTATIONS = YES;
				CLANG_WARN_DIRECT_OBJC_ISA_USAGE = YES_ERROR;
				CLANG_WARN_DOCUMENTATION_COMMENTS = YES;
				CLANG_WARN_EMPTY_BODY = YES;
				CLANG_WARN_ENUM_CONVERSION = YES;
				CLANG_WARN_INFINITE_RECURSION = YES;
				CLANG_WARN_INT_CONVERSION = YES;
				CLANG_WARN_NON_LITERAL_NULL_CONVERSION = YES;
				CLANG_WARN_OBJC_IMPLICIT_RETAIN_SELF = YES;
				CLANG_WARN_OBJC_LITERAL_CONVERSION = YES;
				CLANG_WARN_OBJC_ROOT_CLASS = YES_ERROR;
				CLANG_WARN_QUOTED_INCLUDE_IN_FRAMEWORK_HEADER = YES;
				CLANG_WARN_RANGE_LOOP_ANALYSIS = YES;
				CLANG_WARN_STRICT_PROTOTYPES = YES;
				CLANG_WARN_SUSPICIOUS_MOVE = YES;
				CLANG_WARN_UNGUARDED_AVAILABILITY = YES_AGGRESSIVE;
				CLANG_WARN_UNREACHABLE_CODE = YES;
				CLANG_WARN__DUPLICATE_METHOD_MATCH = YES;
				COPY_PHASE_STRIP = NO;
				DEBUG_INFORMATION_FORMAT = "dwarf-with-dsym";
				ENABLE_NS_ASSERTIONS = NO;
				ENABLE_STRICT_OBJC_MSGSEND = YES;
				ENABLE_USER_SCRIPT_SANDBOXING = YES;
				GCC_C_LANGUAGE_STANDARD = gnu17;
				GCC_NO_COMMON_BLOCKS = YES;
				GCC_WARN_64_TO_32_BIT_CONVERSION = YES;
				GCC_WARN_ABOUT_RETURN_TYPE = YES_ERROR;
				GCC_WARN_UNDECLARED_SELECTOR = YES;
				GCC_WARN_UNINITIALIZED_AUTOS = YES_AGGRESSIVE;
				GCC_WARN_UNUSED_FUNCTION = YES;
				GCC_WARN_UNUSED_VARIABLE = YES;
				IPHONEOS_DEPLOYMENT_TARGET = 13;
				LOCALIZATION_PREFERS_STRING_CATALOGS = YES;
				MTL_ENABLE_DEBUG_INFO = NO;
				MTL_FAST_MATH = YES;
				SDKROOT = iphoneos;
				SWIFT_COMPILATION_MODE = wholemodule;
				VALIDATE_PRODUCT = YES;
			};
			name = Release;
		};
		45B612332C6E8D3200F17F0E /* Debug */ = {
			isa = XCBuildConfiguration;
			buildSettings = {
				ASSETCATALOG_COMPILER_APPICON_NAME = AppIcon;
				ASSETCATALOG_COMPILER_GLOBAL_ACCENT_COLOR_NAME = AccentColor;
				CODE_SIGN_IDENTITY = "Apple Development";
				CODE_SIGN_STYLE = Automatic;
				CURRENT_PROJECT_VERSION = 1;
				DEVELOPMENT_TEAM = 9648P6HBU7;
				GENERATE_INFOPLIST_FILE = YES;
				INFOPLIST_FILE = Louis/Info.plist;
				INFOPLIST_KEY_UIApplicationSupportsIndirectInputEvents = YES;
				INFOPLIST_KEY_UILaunchStoryboardName = LaunchScreen;
				INFOPLIST_KEY_UIMainStoryboardFile = Main;
				INFOPLIST_KEY_UISupportedInterfaceOrientations_iPad = "UIInterfaceOrientationPortrait UIInterfaceOrientationPortraitUpsideDown UIInterfaceOrientationLandscapeLeft UIInterfaceOrientationLandscapeRight";
				INFOPLIST_KEY_UISupportedInterfaceOrientations_iPhone = "UIInterfaceOrientationPortrait UIInterfaceOrientationLandscapeLeft UIInterfaceOrientationLandscapeRight";
				IPHONEOS_DEPLOYMENT_TARGET = 13.0;
				LD_RUNPATH_SEARCH_PATHS = (
					"$(inherited)",
					"@executable_path/Frameworks",
				);
				MARKETING_VERSION = 1.0;
				PRODUCT_BUNDLE_IDENTIFIER = com.example.garupaApp;
				PRODUCT_NAME = "$(TARGET_NAME)";
				PROVISIONING_PROFILE_SPECIFIER = "";
				SWIFT_EMIT_LOC_STRINGS = YES;
				SWIFT_VERSION = 5.0;
				TARGETED_DEVICE_FAMILY = "1,2";
			};
			name = Debug;
		};
		45B612342C6E8D3200F17F0E /* Release */ = {
			isa = XCBuildConfiguration;
			buildSettings = {
				ASSETCATALOG_COMPILER_APPICON_NAME = AppIcon;
				ASSETCATALOG_COMPILER_GLOBAL_ACCENT_COLOR_NAME = AccentColor;
				CODE_SIGN_IDENTITY = "Apple Development";
				CODE_SIGN_STYLE = Automatic;
				CURRENT_PROJECT_VERSION = 1;
				DEVELOPMENT_TEAM = 9648P6HBU7;
				GENERATE_INFOPLIST_FILE = YES;
				INFOPLIST_FILE = Louis/Info.plist;
				INFOPLIST_KEY_UIApplicationSupportsIndirectInputEvents = YES;
				INFOPLIST_KEY_UILaunchStoryboardName = LaunchScreen;
				INFOPLIST_KEY_UIMainStoryboardFile = Main;
				INFOPLIST_KEY_UISupportedInterfaceOrientations_iPad = "UIInterfaceOrientationPortrait UIInterfaceOrientationPortraitUpsideDown UIInterfaceOrientationLandscapeLeft UIInterfaceOrientationLandscapeRight";
				INFOPLIST_KEY_UISupportedInterfaceOrientations_iPhone = "UIInterfaceOrientationPortrait UIInterfaceOrientationLandscapeLeft UIInterfaceOrientationLandscapeRight";
				IPHONEOS_DEPLOYMENT_TARGET = 13.0;
				LD_RUNPATH_SEARCH_PATHS = (
					"$(inherited)",
					"@executable_path/Frameworks",
				);
				MARKETING_VERSION = 1.0;
				PRODUCT_BUNDLE_IDENTIFIER = com.example.garupaApp;
				PRODUCT_NAME = "$(TARGET_NAME)";
				PROVISIONING_PROFILE_SPECIFIER = "";
				SWIFT_EMIT_LOC_STRINGS = YES;
				SWIFT_VERSION = 5.0;
				TARGETED_DEVICE_FAMILY = "1,2";
			};
			name = Release;
		};
/* End XCBuildConfiguration section */

/* Begin XCConfigurationList section */
		45B612162C6E8D2F00F17F0E /* Build configuration list for PBXProject "Louis" */ = {
			isa = XCConfigurationList;
			buildConfigurations = (
				45B612302C6E8D3200F17F0E /* Debug */,
				45B612312C6E8D3200F17F0E /* Release */,
			);
			defaultConfigurationIsVisible = 0;
			defaultConfigurationName = Release;
		};
		45B612322C6E8D3200F17F0E /* Build configuration list for PBXNativeTarget "Louis" */ = {
			isa = XCConfigurationList;
			buildConfigurations = (
				45B612332C6E8D3200F17F0E /* Debug */,
				45B612342C6E8D3200F17F0E /* Release */,
			);
			defaultConfigurationIsVisible = 0;
			defaultConfigurationName = Release;
		};
/* End XCConfigurationList section */

/* Begin XCVersionGroup section */
		45B612272C6E8D2F00F17F0E /* Louis.xcdatamodeld */ = {
			isa = XCVersionGroup;
			children = (
				45B612282C6E8D2F00F17F0E /* Louis.xcdatamodel */,
			);
			currentVersion = 45B612282C6E8D2F00F17F0E /* Louis.xcdatamodel */;
			path = Louis.xcdatamodeld;
			sourceTree = "<group>";
			versionGroupType = wrapper.xcdatamodel;
		};
/* End XCVersionGroup section */
	};
	rootObject = 45B612132C6E8D2F00F17F0E /* Project object */;
}
